
Microsoft Visual Studio Solution File, Format Version 12.00
# Visual Studio 15
VisualStudioVersion = 15.0.28307.572
MinimumVisualStudioVersion = 10.0.40219.1
Project("{FAE04EC0-301F-11D3-BF4B-00C04F79EFBC}") = "ProjetCalcule", "ProjetCalcule\ProjetCalcule.csproj", "{F2EBCD52-5C8C-4C00-81DF-1F1CCF401F52}"
EndProject
Global
	GlobalSection(SolutionConfigurationPlatforms) = preSolution
		Debug|Any CPU = Debug|Any CPU
		Release|Any CPU = Release|Any CPU
	EndGlobalSection
	GlobalSection(ProjectConfigurationPlatforms) = postSolution
		{F2EBCD52-5C8C-4C00-81DF-1F1CCF401F52}.Debug|Any CPU.ActiveCfg = Debug|Any CPU
		{F2EBCD52-5C8C-4C00-81DF-1F1CCF401F52}.Debug|Any CPU.Build.0 = Debug|Any CPU
		{F2EBCD52-5C8C-4C00-81DF-1F1CCF401F52}.Release|Any CPU.ActiveCfg = Release|Any CPU
		{F2EBCD52-5C8C-4C00-81DF-1F1CCF401F52}.Release|Any CPU.Build.0 = Release|Any CPU
	EndGlobalSection
	GlobalSection(SolutionProperties) = preSolution
		HideSolutionNode = FALSE
	EndGlobalSection
	GlobalSection(ExtensibilityGlobals) = postSolution
		SolutionGuid = {44022353-F6C0-4699-BE0B-F4560AB429D6}
	EndGlobalSection
EndGlobal
